
Microsoft Visual Studio Solution File, Format Version 12.00
# Visual Studio 15
VisualStudioVersion = 15.0.27130.2027
MinimumVisualStudioVersion = 10.0.40219.1
Project("{FAE04EC0-301F-11D3-BF4B-00C04F79EFBC}") = "Fipe.Compare.Web", "Fipe.Compare.Web\Fipe.Compare.Web.csproj", "{1AD444F2-0A27-44BF-9CEE-07790BAF5D05}"
EndProject
Project("{2150E333-8FDC-42A3-9474-1A3956D46DE8}") = "2-Service", "2-Service", "{187C31BC-FA0D-429E-ACAF-F4E42AA9D9A0}"
EndProject
Project("{2150E333-8FDC-42A3-9474-1A3956D46DE8}") = "3-Domain", "3-Domain", "{4F6C207A-F5DC-44D7-8C59-F4DDFB648950}"
EndProject
Project("{2150E333-8FDC-42A3-9474-1A3956D46DE8}") = "1-Web", "1-Web", "{0328EA8E-AE32-437B-ABFC-3F8ED4EE7DC2}"
EndProject
Project("{2150E333-8FDC-42A3-9474-1A3956D46DE8}") = "4-Infra", "4-Infra", "{4CA7C01C-1387-4B6A-98A3-55593EB1B8ED}"
EndProject
Project("{2150E333-8FDC-42A3-9474-1A3956D46DE8}") = "1-Repository", "1-Repository", "{2C7A533F-6159-4169-8CF0-F2274AEE84E9}"
EndProject
Project("{2150E333-8FDC-42A3-9474-1A3956D46DE8}") = "2-Context", "2-Context", "{7FC9C8B1-75EA-435B-849F-2689DBEDF45D}"
EndProject
Project("{2150E333-8FDC-42A3-9474-1A3956D46DE8}") = "3-CrossCutting", "3-CrossCutting", "{7712E207-5399-4C9F-BCD7-BAF825EFE124}"
EndProject
Project("{2150E333-8FDC-42A3-9474-1A3956D46DE8}") = "1-IoC", "1-IoC", "{09506917-F1ED-4A11-95BD-B886A5B3B858}"
EndProject
Project("{FAE04EC0-301F-11D3-BF4B-00C04F79EFBC}") = "Fipe.Compare.Service", "Fipe.Compare.Service\Fipe.Compare.Service.csproj", "{5AFB9390-8DE2-45CA-B76F-F3DAFDCED31D}"
EndProject
Project("{FAE04EC0-301F-11D3-BF4B-00C04F79EFBC}") = "Fipe.Compare.Domain", "Fipe.Compare.Domain\Fipe.Compare.Domain.csproj", "{B294A554-4679-46B3-BA28-7AE1B7A28204}"
EndProject
Project("{FAE04EC0-301F-11D3-BF4B-00C04F79EFBC}") = "Fipe.Compare.Repository", "Fipe.Compare.Repository\Fipe.Compare.Repository.csproj", "{E9C2772B-0FB6-4CB7-BAD2-F64CA1303554}"
EndProject
Project("{FAE04EC0-301F-11D3-BF4B-00C04F79EFBC}") = "Fipe.Compare.Context", "Fipe.Compare.Context\Fipe.Compare.Context.csproj", "{D0D4D3A5-48DD-4DB1-96F2-09DCBA8C007B}"
EndProject
Project("{FAE04EC0-301F-11D3-BF4B-00C04F79EFBC}") = "Fipe.Compare.IoC", "Fipe.Compare.IoC\Fipe.Compare.IoC.csproj", "{EC8E27F7-B559-4F73-9571-965FCC2A6E92}"
EndProject
Global
	GlobalSection(SolutionConfigurationPlatforms) = preSolution
		Debug|Any CPU = Debug|Any CPU
		Release|Any CPU = Release|Any CPU
	EndGlobalSection
	GlobalSection(ProjectConfigurationPlatforms) = postSolution
		{1AD444F2-0A27-44BF-9CEE-07790BAF5D05}.Debug|Any CPU.ActiveCfg = Debug|Any CPU
		{1AD444F2-0A27-44BF-9CEE-07790BAF5D05}.Debug|Any CPU.Build.0 = Debug|Any CPU
		{1AD444F2-0A27-44BF-9CEE-07790BAF5D05}.Release|Any CPU.ActiveCfg = Release|Any CPU
		{1AD444F2-0A27-44BF-9CEE-07790BAF5D05}.Release|Any CPU.Build.0 = Release|Any CPU
		{5AFB9390-8DE2-45CA-B76F-F3DAFDCED31D}.Debug|Any CPU.ActiveCfg = Debug|Any CPU
		{5AFB9390-8DE2-45CA-B76F-F3DAFDCED31D}.Debug|Any CPU.Build.0 = Debug|Any CPU
		{5AFB9390-8DE2-45CA-B76F-F3DAFDCED31D}.Release|Any CPU.ActiveCfg = Release|Any CPU
		{5AFB9390-8DE2-45CA-B76F-F3DAFDCED31D}.Release|Any CPU.Build.0 = Release|Any CPU
		{B294A554-4679-46B3-BA28-7AE1B7A28204}.Debug|Any CPU.ActiveCfg = Debug|Any CPU
		{B294A554-4679-46B3-BA28-7AE1B7A28204}.Debug|Any CPU.Build.0 = Debug|Any CPU
		{B294A554-4679-46B3-BA28-7AE1B7A28204}.Release|Any CPU.ActiveCfg = Release|Any CPU
		{B294A554-4679-46B3-BA28-7AE1B7A28204}.Release|Any CPU.Build.0 = Release|Any CPU
		{E9C2772B-0FB6-4CB7-BAD2-F64CA1303554}.Debug|Any CPU.ActiveCfg = Debug|Any CPU
		{E9C2772B-0FB6-4CB7-BAD2-F64CA1303554}.Debug|Any CPU.Build.0 = Debug|Any CPU
		{E9C2772B-0FB6-4CB7-BAD2-F64CA1303554}.Release|Any CPU.ActiveCfg = Release|Any CPU
		{E9C2772B-0FB6-4CB7-BAD2-F64CA1303554}.Release|Any CPU.Build.0 = Release|Any CPU
		{D0D4D3A5-48DD-4DB1-96F2-09DCBA8C007B}.Debug|Any CPU.ActiveCfg = Debug|Any CPU
		{D0D4D3A5-48DD-4DB1-96F2-09DCBA8C007B}.Debug|Any CPU.Build.0 = Debug|Any CPU
		{D0D4D3A5-48DD-4DB1-96F2-09DCBA8C007B}.Release|Any CPU.ActiveCfg = Release|Any CPU
		{D0D4D3A5-48DD-4DB1-96F2-09DCBA8C007B}.Release|Any CPU.Build.0 = Release|Any CPU
		{EC8E27F7-B559-4F73-9571-965FCC2A6E92}.Debug|Any CPU.ActiveCfg = Debug|Any CPU
		{EC8E27F7-B559-4F73-9571-965FCC2A6E92}.Debug|Any CPU.Build.0 = Debug|Any CPU
		{EC8E27F7-B559-4F73-9571-965FCC2A6E92}.Release|Any CPU.ActiveCfg = Release|Any CPU
		{EC8E27F7-B559-4F73-9571-965FCC2A6E92}.Release|Any CPU.Build.0 = Release|Any CPU
	EndGlobalSection
	GlobalSection(SolutionProperties) = preSolution
		HideSolutionNode = FALSE
	EndGlobalSection
	GlobalSection(NestedProjects) = preSolution
		{1AD444F2-0A27-44BF-9CEE-07790BAF5D05} = {0328EA8E-AE32-437B-ABFC-3F8ED4EE7DC2}
		{2C7A533F-6159-4169-8CF0-F2274AEE84E9} = {4CA7C01C-1387-4B6A-98A3-55593EB1B8ED}
		{7FC9C8B1-75EA-435B-849F-2689DBEDF45D} = {4CA7C01C-1387-4B6A-98A3-55593EB1B8ED}
		{7712E207-5399-4C9F-BCD7-BAF825EFE124} = {4CA7C01C-1387-4B6A-98A3-55593EB1B8ED}
		{09506917-F1ED-4A11-95BD-B886A5B3B858} = {7712E207-5399-4C9F-BCD7-BAF825EFE124}
		{5AFB9390-8DE2-45CA-B76F-F3DAFDCED31D} = {187C31BC-FA0D-429E-ACAF-F4E42AA9D9A0}
		{B294A554-4679-46B3-BA28-7AE1B7A28204} = {4F6C207A-F5DC-44D7-8C59-F4DDFB648950}
		{E9C2772B-0FB6-4CB7-BAD2-F64CA1303554} = {2C7A533F-6159-4169-8CF0-F2274AEE84E9}
		{D0D4D3A5-48DD-4DB1-96F2-09DCBA8C007B} = {7FC9C8B1-75EA-435B-849F-2689DBEDF45D}
		{EC8E27F7-B559-4F73-9571-965FCC2A6E92} = {09506917-F1ED-4A11-95BD-B886A5B3B858}
	EndGlobalSection
	GlobalSection(ExtensibilityGlobals) = postSolution
		SolutionGuid = {63D26783-6833-4B69-8155-6852FBE2E923}
	EndGlobalSection
EndGlobal
